
Microsoft Visual Studio Solution File, Format Version 12.00
# Visual Studio Version 16
VisualStudioVersion = 16.0.31424.327
MinimumVisualStudioVersion = 10.0.40219.1
Project("{FAE04EC0-301F-11D3-BF4B-00C04F79EFBC}") = "IdentityServer4Project", "IdentityServer4Project\IdentityServer4Project.csproj", "{07AF5B3D-BA26-4D20-8DAD-8177EB0D8F46}"
EndProject
Project("{FAE04EC0-301F-11D3-BF4B-00C04F79EFBC}") = "FrontendConsoleApp", "FrontendConsoleApp\FrontendConsoleApp.csproj", "{887D90E5-431C-497E-A71C-650BC97DA196}"
EndProject
Project("{FAE04EC0-301F-11D3-BF4B-00C04F79EFBC}") = "WebAppProject", "WebAppProject\WebAppProject.csproj", "{6D5879EF-36EE-45C3-96BA-2848D365CB6D}"
EndProject
Project("{9A19103F-16F7-4668-BE54-9A1E7A4F7556}") = "WebApiProject", "WebApiProject\WebApiProject.csproj", "{BD704F9A-DD78-4A67-B98E-5FDDC30A8CE8}"
EndProject
Global
	GlobalSection(SolutionConfigurationPlatforms) = preSolution
		Debug|Any CPU = Debug|Any CPU
		Release|Any CPU = Release|Any CPU
	EndGlobalSection
	GlobalSection(ProjectConfigurationPlatforms) = postSolution
		{07AF5B3D-BA26-4D20-8DAD-8177EB0D8F46}.Debug|Any CPU.ActiveCfg = Debug|Any CPU
		{07AF5B3D-BA26-4D20-8DAD-8177EB0D8F46}.Debug|Any CPU.Build.0 = Debug|Any CPU
		{07AF5B3D-BA26-4D20-8DAD-8177EB0D8F46}.Release|Any CPU.ActiveCfg = Release|Any CPU
		{07AF5B3D-BA26-4D20-8DAD-8177EB0D8F46}.Release|Any CPU.Build.0 = Release|Any CPU
		{887D90E5-431C-497E-A71C-650BC97DA196}.Debug|Any CPU.ActiveCfg = Debug|Any CPU
		{887D90E5-431C-497E-A71C-650BC97DA196}.Debug|Any CPU.Build.0 = Debug|Any CPU
		{887D90E5-431C-497E-A71C-650BC97DA196}.Release|Any CPU.ActiveCfg = Release|Any CPU
		{887D90E5-431C-497E-A71C-650BC97DA196}.Release|Any CPU.Build.0 = Release|Any CPU
		{6D5879EF-36EE-45C3-96BA-2848D365CB6D}.Debug|Any CPU.ActiveCfg = Debug|Any CPU
		{6D5879EF-36EE-45C3-96BA-2848D365CB6D}.Debug|Any CPU.Build.0 = Debug|Any CPU
		{6D5879EF-36EE-45C3-96BA-2848D365CB6D}.Release|Any CPU.ActiveCfg = Release|Any CPU
		{6D5879EF-36EE-45C3-96BA-2848D365CB6D}.Release|Any CPU.Build.0 = Release|Any CPU
		{BD704F9A-DD78-4A67-B98E-5FDDC30A8CE8}.Debug|Any CPU.ActiveCfg = Debug|Any CPU
		{BD704F9A-DD78-4A67-B98E-5FDDC30A8CE8}.Debug|Any CPU.Build.0 = Debug|Any CPU
		{BD704F9A-DD78-4A67-B98E-5FDDC30A8CE8}.Release|Any CPU.ActiveCfg = Release|Any CPU
		{BD704F9A-DD78-4A67-B98E-5FDDC30A8CE8}.Release|Any CPU.Build.0 = Release|Any CPU
	EndGlobalSection
	GlobalSection(SolutionProperties) = preSolution
		HideSolutionNode = FALSE
	EndGlobalSection
	GlobalSection(ExtensibilityGlobals) = postSolution
		SolutionGuid = {0D4BE1DC-F147-408C-9321-4BA28FCFD193}
	EndGlobalSection
EndGlobal
